
Microsoft Visual Studio Solution File, Format Version 12.00
# Visual Studio Version 17
VisualStudioVersion = 17.2.32602.215
MinimumVisualStudioVersion = 10.0.40219.1
Project("{8BC9CEB8-8B4A-11D0-8D11-00A0C91BC942}") = "Calc", "Domashki\Domashki.vcxproj", "{4569A469-E542-4046-BA0F-1B1DAA3FE362}"
EndProject
Project("{8BC9CEB8-8B4A-11D0-8D11-00A0C91BC942}") = "test", "test\test.vcxproj", "{A879275C-9A86-4CFC-A982-A0C766493A0F}"
EndProject
Project("{8BC9CEB8-8B4A-11D0-8D11-00A0C91BC942}") = "Calc_ingeneer", "Calc_ingeneer\Calc_ingeneer.vcxproj", "{C2213905-05E7-411A-9930-2255F0CC4011}"
EndProject
Project("{8BC9CEB8-8B4A-11D0-8D11-00A0C91BC942}") = "test1", "test1\test1.vcxproj", "{81D61937-6DC1-4ABB-BA1E-F8DA67CF7822}"
EndProject
Global
	GlobalSection(SolutionConfigurationPlatforms) = preSolution
		Debug|x64 = Debug|x64
		Debug|x86 = Debug|x86
		Release|x64 = Release|x64
		Release|x86 = Release|x86
	EndGlobalSection
	GlobalSection(ProjectConfigurationPlatforms) = postSolution
		{4569A469-E542-4046-BA0F-1B1DAA3FE362}.Debug|x64.ActiveCfg = Debug|x64
		{4569A469-E542-4046-BA0F-1B1DAA3FE362}.Debug|x64.Build.0 = Debug|x64
		{4569A469-E542-4046-BA0F-1B1DAA3FE362}.Debug|x86.ActiveCfg = Debug|Win32
		{4569A469-E542-4046-BA0F-1B1DAA3FE362}.Debug|x86.Build.0 = Debug|Win32
		{4569A469-E542-4046-BA0F-1B1DAA3FE362}.Release|x64.ActiveCfg = Release|x64
		{4569A469-E542-4046-BA0F-1B1DAA3FE362}.Release|x64.Build.0 = Release|x64
		{4569A469-E542-4046-BA0F-1B1DAA3FE362}.Release|x86.ActiveCfg = Release|Win32
		{4569A469-E542-4046-BA0F-1B1DAA3FE362}.Release|x86.Build.0 = Release|Win32
		{A879275C-9A86-4CFC-A982-A0C766493A0F}.Debug|x64.ActiveCfg = Debug|x64
		{A879275C-9A86-4CFC-A982-A0C766493A0F}.Debug|x64.Build.0 = Debug|x64
		{A879275C-9A86-4CFC-A982-A0C766493A0F}.Debug|x86.ActiveCfg = Debug|Win32
		{A879275C-9A86-4CFC-A982-A0C766493A0F}.Debug|x86.Build.0 = Debug|Win32
		{A879275C-9A86-4CFC-A982-A0C766493A0F}.Release|x64.ActiveCfg = Release|x64
		{A879275C-9A86-4CFC-A982-A0C766493A0F}.Release|x64.Build.0 = Release|x64
		{A879275C-9A86-4CFC-A982-A0C766493A0F}.Release|x86.ActiveCfg = Release|Win32
		{A879275C-9A86-4CFC-A982-A0C766493A0F}.Release|x86.Build.0 = Release|Win32
		{C2213905-05E7-411A-9930-2255F0CC4011}.Debug|x64.ActiveCfg = Debug|x64
		{C2213905-05E7-411A-9930-2255F0CC4011}.Debug|x64.Build.0 = Debug|x64
		{C2213905-05E7-411A-9930-2255F0CC4011}.Debug|x86.ActiveCfg = Debug|Win32
		{C2213905-05E7-411A-9930-2255F0CC4011}.Debug|x86.Build.0 = Debug|Win32
		{C2213905-05E7-411A-9930-2255F0CC4011}.Release|x64.ActiveCfg = Release|x64
		{C2213905-05E7-411A-9930-2255F0CC4011}.Release|x64.Build.0 = Release|x64
		{C2213905-05E7-411A-9930-2255F0CC4011}.Release|x86.ActiveCfg = Release|Win32
		{C2213905-05E7-411A-9930-2255F0CC4011}.Release|x86.Build.0 = Release|Win32
		{81D61937-6DC1-4ABB-BA1E-F8DA67CF7822}.Debug|x64.ActiveCfg = Debug|x64
		{81D61937-6DC1-4ABB-BA1E-F8DA67CF7822}.Debug|x64.Build.0 = Debug|x64
		{81D61937-6DC1-4ABB-BA1E-F8DA67CF7822}.Debug|x86.ActiveCfg = Debug|Win32
		{81D61937-6DC1-4ABB-BA1E-F8DA67CF7822}.Debug|x86.Build.0 = Debug|Win32
		{81D61937-6DC1-4ABB-BA1E-F8DA67CF7822}.Release|x64.ActiveCfg = Release|x64
		{81D61937-6DC1-4ABB-BA1E-F8DA67CF7822}.Release|x64.Build.0 = Release|x64
		{81D61937-6DC1-4ABB-BA1E-F8DA67CF7822}.Release|x86.ActiveCfg = Release|Win32
		{81D61937-6DC1-4ABB-BA1E-F8DA67CF7822}.Release|x86.Build.0 = Release|Win32
	EndGlobalSection
	GlobalSection(SolutionProperties) = preSolution
		HideSolutionNode = FALSE
	EndGlobalSection
	GlobalSection(ExtensibilityGlobals) = postSolution
		SolutionGuid = {513FB2E8-EFAF-4C9C-A133-1EB21F6F6ED5}
	EndGlobalSection
EndGlobal
